
Microsoft Visual Studio Solution File, Format Version 12.00
# Visual Studio Version 17
VisualStudioVersion = 17.3.32825.248
MinimumVisualStudioVersion = 10.0.40219.1
Project("{9A19103F-16F7-4668-BE54-9A1E7A4F7556}") = "transbank-sdk-dotnet-core-rest-example", "transbank-sdk-dotnet-core-rest-example\transbank-sdk-dotnet-core-rest-example.csproj", "{0516CCBB-66A7-4F77-AE83-E8B198C9FD1D}"
EndProject
Global
	GlobalSection(SolutionConfigurationPlatforms) = preSolution
		Debug|Any CPU = Debug|Any CPU
		Release|Any CPU = Release|Any CPU
	EndGlobalSection
	GlobalSection(ProjectConfigurationPlatforms) = postSolution
		{0516CCBB-66A7-4F77-AE83-E8B198C9FD1D}.Debug|Any CPU.ActiveCfg = Debug|Any CPU
		{0516CCBB-66A7-4F77-AE83-E8B198C9FD1D}.Debug|Any CPU.Build.0 = Debug|Any CPU
		{0516CCBB-66A7-4F77-AE83-E8B198C9FD1D}.Release|Any CPU.ActiveCfg = Release|Any CPU
		{0516CCBB-66A7-4F77-AE83-E8B198C9FD1D}.Release|Any CPU.Build.0 = Release|Any CPU
	EndGlobalSection
	GlobalSection(SolutionProperties) = preSolution
		HideSolutionNode = FALSE
	EndGlobalSection
	GlobalSection(ExtensibilityGlobals) = postSolution
		SolutionGuid = {4A6F141B-B922-491F-8805-CD20A4658C69}
	EndGlobalSection
EndGlobal
